
Microsoft Visual Studio Solution File, Format Version 12.00
# Visual Studio Version 17
VisualStudioVersion = 17.9.34728.123
MinimumVisualStudioVersion = 10.0.40219.1
Project("{9A19103F-16F7-4668-BE54-9A1E7A4F7556}") = "Registro_Clientes_y_Seguimiento_Tarea", "Registro_Clientes\Registro_Clientes_y_Seguimiento_Tarea.csproj", "{AAE643BB-6A59-4D3E-8EBE-2A169CAB989A}"
EndProject
Global
	GlobalSection(SolutionConfigurationPlatforms) = preSolution
		Debug|Any CPU = Debug|Any CPU
		Release|Any CPU = Release|Any CPU
	EndGlobalSection
	GlobalSection(ProjectConfigurationPlatforms) = postSolution
		{AAE643BB-6A59-4D3E-8EBE-2A169CAB989A}.Debug|Any CPU.ActiveCfg = Debug|Any CPU
		{AAE643BB-6A59-4D3E-8EBE-2A169CAB989A}.Debug|Any CPU.Build.0 = Debug|Any CPU
		{AAE643BB-6A59-4D3E-8EBE-2A169CAB989A}.Release|Any CPU.ActiveCfg = Release|Any CPU
		{AAE643BB-6A59-4D3E-8EBE-2A169CAB989A}.Release|Any CPU.Build.0 = Release|Any CPU
	EndGlobalSection
	GlobalSection(SolutionProperties) = preSolution
		HideSolutionNode = FALSE
	EndGlobalSection
	GlobalSection(ExtensibilityGlobals) = postSolution
		SolutionGuid = {6D11D645-5B28-46AB-A135-F86504FFE906}
	EndGlobalSection
EndGlobal
